# This file was autogenerated by uv via the following command:
#    uv export --dev --format=requirements-txt --no-hashes --no-emit-project --output-file=tests/requirements-testing.lock --all-extras
colorama==0.4.6 ; sys_platform == 'win32'
    # via pytest
iniconfig==2.3.0
    # via pytest
packaging==26.3
    # via pytest
pluggy==1.6.0
    # via pytest
pygments==2.21.0
    # via pytest
pytest==9.1.1
ruff==0.16.8
ty==0.0.82
