# This file was autogenerated by uv via the following command:
#    uv export --dev --format=requirements-txt --no-hashes --no-emit-project --output-file=tests/requirements-testing.lock --all-extras
colorama==0.4.6 ; sys_platform == 'win32'
    # via pytest
coverage==7.16.1
    # via pytest-cov
iniconfig==2.3.0
    # via pytest
packaging==26.3
    # via pytest
pluggy==1.6.0
    # via
    #   pytest
    #   pytest-cov
pygments==2.21.0
    # via pytest
pytest==9.1.1
    # via pytest-cov
pytest-cov==7.1.0
    # via pytest-cover
pytest-cover==3.0.0
    # via pytest-coverage
pytest-coverage==0.0
ruff==0.16.8
tomli==2.4.1 ; python_full_version <= '3.11'
    # via coverage
ty==0.0.82
